
Microsoft Visual Studio Solution File, Format Version 12.00
# Visual Studio 2013
VisualStudioVersion = 12.0.40629.0
MinimumVisualStudioVersion = 10.0.40219.1
Project("{FAE04EC0-301F-11D3-BF4B-00C04F79EFBC}") = "MsBuild.OutDir", "MsBuild.OutDir\MsBuild.OutDir.csproj", "{943957D1-EFC0-4220-A293-5BA7A462D5B5}"
EndProject
Project("{2150E333-8FDC-42A3-9474-1A3956D46DE8}") = "Solution Items", "Solution Items", "{0EFD40D8-3B32-4B99-9E16-8913AE330825}"
	ProjectSection(SolutionItems) = preProject
		.gitignore = .gitignore
		AssemblyInfo.Version.cs = AssemblyInfo.Version.cs
		LICENSE = LICENSE
		README.md = README.md
	EndProjectSection
EndProject
Project("{2150E333-8FDC-42A3-9474-1A3956D46DE8}") = ".nuget", ".nuget", "{4A4B694B-7127-41DF-91D8-FECBAD4D2B3B}"
	ProjectSection(SolutionItems) = preProject
		.nuget\NuGet.Config = .nuget\NuGet.Config
		.nuget\NuGet.exe = .nuget\NuGet.exe
		.nuget\NuGet.targets = .nuget\NuGet.targets
	EndProjectSection
EndProject
Project("{FAE04EC0-301F-11D3-BF4B-00C04F79EFBC}") = "MsBuild.OutDir.Tests", "MsBuild.OutDir.Tests\MsBuild.OutDir.Tests.csproj", "{FEA8BC9E-4163-4B9F-9907-40C9B4E79DFE}"
EndProject
Global
	GlobalSection(SolutionConfigurationPlatforms) = preSolution
		Debug|Any CPU = Debug|Any CPU
		Release|Any CPU = Release|Any CPU
	EndGlobalSection
	GlobalSection(ProjectConfigurationPlatforms) = postSolution
		{943957D1-EFC0-4220-A293-5BA7A462D5B5}.Debug|Any CPU.ActiveCfg = Debug|Any CPU
		{943957D1-EFC0-4220-A293-5BA7A462D5B5}.Debug|Any CPU.Build.0 = Debug|Any CPU
		{943957D1-EFC0-4220-A293-5BA7A462D5B5}.Release|Any CPU.ActiveCfg = Release|Any CPU
		{943957D1-EFC0-4220-A293-5BA7A462D5B5}.Release|Any CPU.Build.0 = Release|Any CPU
		{FEA8BC9E-4163-4B9F-9907-40C9B4E79DFE}.Debug|Any CPU.ActiveCfg = Debug|Any CPU
		{FEA8BC9E-4163-4B9F-9907-40C9B4E79DFE}.Debug|Any CPU.Build.0 = Debug|Any CPU
		{FEA8BC9E-4163-4B9F-9907-40C9B4E79DFE}.Release|Any CPU.ActiveCfg = Release|Any CPU
		{FEA8BC9E-4163-4B9F-9907-40C9B4E79DFE}.Release|Any CPU.Build.0 = Release|Any CPU
	EndGlobalSection
	GlobalSection(SolutionProperties) = preSolution
		HideSolutionNode = FALSE
	EndGlobalSection
EndGlobal
